
Microsoft Visual Studio Solution File, Format Version 12.00
# Visual Studio Version 17
VisualStudioVersion = 17.4.33213.308
MinimumVisualStudioVersion = 10.0.40219.1
Project("{888888A0-9F3D-457C-B088-3A5042F75D52}") = "DonorProject", "DonorProject.pyproj", "{6FE6B488-15F8-4BDD-BEDD-BDED05B182B4}"
EndProject
Global
	GlobalSection(SolutionConfigurationPlatforms) = preSolution
		Debug|Any CPU = Debug|Any CPU
		Release|Any CPU = Release|Any CPU
	EndGlobalSection
	GlobalSection(ProjectConfigurationPlatforms) = postSolution
		{6FE6B488-15F8-4BDD-BEDD-BDED05B182B4}.Debug|Any CPU.ActiveCfg = Debug|Any CPU
		{6FE6B488-15F8-4BDD-BEDD-BDED05B182B4}.Debug|Any CPU.Build.0 = Debug|Any CPU
		{6FE6B488-15F8-4BDD-BEDD-BDED05B182B4}.Release|Any CPU.ActiveCfg = Release|Any CPU
		{6FE6B488-15F8-4BDD-BEDD-BDED05B182B4}.Release|Any CPU.Build.0 = Release|Any CPU
	EndGlobalSection
	GlobalSection(SolutionProperties) = preSolution
		HideSolutionNode = FALSE
	EndGlobalSection
	GlobalSection(ExtensibilityGlobals) = postSolution
		SolutionGuid = {3ADDB5B7-3824-44A1-9AA2-4BD51C6986AD}
	EndGlobalSection
EndGlobal
